<?xml version="1.0" encoding="UTF-8" standalone="yes" ?>
<CodeBlocks_project_file>
	<FileVersion major="1" minor="6" />
	<Project>
		<Option title="test" />
		<Option makefile="makefile" />
		<Option pch_mode="2" />
		<Option compiler="gcc" />
		<Build>
			<Target title="Debug">
				<Option output="bin/Debug/test" prefix_auto="1" extension_auto="1" />
				<Option object_output="obj/Debug/" />
				<Option type="1" />
				<Option compiler="gcc" />
			</Target>
			<Target title="Release">
				<Option output="bin/Release/test" prefix_auto="1" extension_auto="1" />
				<Option object_output="obj/Release/" />
				<Option type="0" />
				<Option compiler="gcc" />
				<Compiler>
					<Add option="-O2" />
					<Add option="-s" />
				</Compiler>
			</Target>
		</Build>
		<Compiler>
			<Add option="-std=c++11" />
			<Add option="-mms-bitfields" />
			<Add option="-DWIN32" />
			<Add directory="F:/大三上/Introduction to Computing/fltk-1.3.4-1/include" />
		</Compiler>
		<Linker>
			<Add library="fltk_images" />
			<Add library="fltk_png" />
			<Add library="fltk_z" />
			<Add library="fltk_jpeg" />
			<Add library="fltk" />
			<Add library="ole32" />
			<Add library="uuid" />
			<Add library="comctl32" />
			<Add library="wsock32" />
			<Add library="m" />
			<Add library="gdi32" />
			<Add library="user32" />
			<Add library="kernel32" />
			<Add directory="F:/大三上/Introduction to Computing/fltk-1.3.4-1/lib" />
		</Linker>
		<Unit filename="GUI.cpp" />
		<Unit filename="GUI.h" />
		<Unit filename="Graph.cpp" />
		<Unit filename="Graph.h" />
		<Unit filename="Point.h" />
		<Unit filename="Simple_window.h" />
		<Unit filename="Vector_ref.h" />
		<Unit filename="Window.cpp" />
		<Unit filename="Window.h" />
		<Unit filename="cmb.bmp" />
		<Unit filename="cmb.gif" />
		<Unit filename="cmb.jpg" />
		<Unit filename="cmb.png" />
		<Unit filename="fltk.h" />
		<Unit filename="main.h" />
		<Unit filename="makefile" />
		<Unit filename="maze.cpp" />
		<Unit filename="maze.h" />
		<Unit filename="test.cbp" />
		<Unit filename="test.cpp" />
		<Unit filename="test.depend" />
		<Unit filename="test.layout" />
		<Unit filename="test_automove.cbp" />
		<Unit filename="test_keyboard.cbp" />
		<Unit filename="test_move.cbp" />
		<Unit filename="test_vector_ref.cbp" />
		<Unit filename="wetry.cpp" />
		<Unit filename="wetry.h" />
		<Extensions>
			<code_completion />
			<envvars />
			<debugger />
			<lib_finder disable_auto="1" />
		</Extensions>
	</Project>
</CodeBlocks_project_file>
